
Microsoft Visual Studio Solution File, Format Version 12.00
# Visual Studio Version 16
VisualStudioVersion = 16.0.31729.503
MinimumVisualStudioVersion = 10.0.40219.1
Project("{FAE04EC0-301F-11D3-BF4B-00C04F79EFBC}") = "IziKleshneva.Android", "IziKleshneva\IziKleshneva.Android\IziKleshneva.Android.csproj", "{104DFF04-B760-40B3-AE20-B7E206E07C4D}"
EndProject
Project("{FAE04EC0-301F-11D3-BF4B-00C04F79EFBC}") = "IziKleshneva", "IziKleshneva\IziKleshneva\IziKleshneva.csproj", "{ACC8D858-7D64-4093-A25B-4C9F00D167D1}"
EndProject
Global
	GlobalSection(SolutionConfigurationPlatforms) = preSolution
		Debug|Any CPU = Debug|Any CPU
		Release|Any CPU = Release|Any CPU
	EndGlobalSection
	GlobalSection(ProjectConfigurationPlatforms) = postSolution
		{104DFF04-B760-40B3-AE20-B7E206E07C4D}.Debug|Any CPU.ActiveCfg = Debug|Any CPU
		{104DFF04-B760-40B3-AE20-B7E206E07C4D}.Debug|Any CPU.Build.0 = Debug|Any CPU
		{104DFF04-B760-40B3-AE20-B7E206E07C4D}.Debug|Any CPU.Deploy.0 = Debug|Any CPU
		{104DFF04-B760-40B3-AE20-B7E206E07C4D}.Release|Any CPU.ActiveCfg = Release|Any CPU
		{104DFF04-B760-40B3-AE20-B7E206E07C4D}.Release|Any CPU.Build.0 = Release|Any CPU
		{104DFF04-B760-40B3-AE20-B7E206E07C4D}.Release|Any CPU.Deploy.0 = Release|Any CPU
		{ACC8D858-7D64-4093-A25B-4C9F00D167D1}.Debug|Any CPU.ActiveCfg = Debug|Any CPU
		{ACC8D858-7D64-4093-A25B-4C9F00D167D1}.Debug|Any CPU.Build.0 = Debug|Any CPU
		{ACC8D858-7D64-4093-A25B-4C9F00D167D1}.Debug|Any CPU.Deploy.0 = Debug|Any CPU
		{ACC8D858-7D64-4093-A25B-4C9F00D167D1}.Release|Any CPU.ActiveCfg = Release|Any CPU
		{ACC8D858-7D64-4093-A25B-4C9F00D167D1}.Release|Any CPU.Build.0 = Release|Any CPU
		{ACC8D858-7D64-4093-A25B-4C9F00D167D1}.Release|Any CPU.Deploy.0 = Release|Any CPU
	EndGlobalSection
	GlobalSection(SolutionProperties) = preSolution
		HideSolutionNode = FALSE
	EndGlobalSection
	GlobalSection(ExtensibilityGlobals) = postSolution
		SolutionGuid = {D22579A9-3C93-4D3F-BFE1-5CCDF27DA27A}
	EndGlobalSection
EndGlobal
